
Microsoft Visual Studio Solution File, Format Version 12.00
# Visual Studio 2012
Project("{FAE04EC0-301F-11D3-BF4B-00C04F79EFBC}") = "SocialBirds.CP", "SocialBirds.CP\SocialBirds.CP.csproj", "{B9BF662B-BF2E-4D99-A0EF-2565B0743107}"
EndProject
Project("{FAE04EC0-301F-11D3-BF4B-00C04F79EFBC}") = "SocialBirds.DAL", "SocialBirds.DAL\SocialBirds.DAL.csproj", "{3FF318A6-16E0-4F02-BCBC-396E3EB9A49E}"
EndProject
Global
	GlobalSection(SolutionConfigurationPlatforms) = preSolution
		Debug|Any CPU = Debug|Any CPU
		Release|Any CPU = Release|Any CPU
	EndGlobalSection
	GlobalSection(ProjectConfigurationPlatforms) = postSolution
		{B9BF662B-BF2E-4D99-A0EF-2565B0743107}.Debug|Any CPU.ActiveCfg = Debug|Any CPU
		{B9BF662B-BF2E-4D99-A0EF-2565B0743107}.Debug|Any CPU.Build.0 = Debug|Any CPU
		{B9BF662B-BF2E-4D99-A0EF-2565B0743107}.Release|Any CPU.ActiveCfg = Release|Any CPU
		{B9BF662B-BF2E-4D99-A0EF-2565B0743107}.Release|Any CPU.Build.0 = Release|Any CPU
		{3FF318A6-16E0-4F02-BCBC-396E3EB9A49E}.Debug|Any CPU.ActiveCfg = Debug|Any CPU
		{3FF318A6-16E0-4F02-BCBC-396E3EB9A49E}.Debug|Any CPU.Build.0 = Debug|Any CPU
		{3FF318A6-16E0-4F02-BCBC-396E3EB9A49E}.Release|Any CPU.ActiveCfg = Release|Any CPU
		{3FF318A6-16E0-4F02-BCBC-396E3EB9A49E}.Release|Any CPU.Build.0 = Release|Any CPU
	EndGlobalSection
	GlobalSection(SolutionProperties) = preSolution
		HideSolutionNode = FALSE
	EndGlobalSection
EndGlobal
